
Microsoft Visual Studio Solution File, Format Version 12.00
# Visual Studio 15
VisualStudioVersion = 15.0.28307.572
MinimumVisualStudioVersion = 10.0.40219.1
Project("{FAE04EC0-301F-11D3-BF4B-00C04F79EFBC}") = "lab3", "lab3\lab3.csproj", "{338896B2-0190-4CA9-BAF5-87A8A58A579F}"
EndProject
Global
	GlobalSection(SolutionConfigurationPlatforms) = preSolution
		Debug|Any CPU = Debug|Any CPU
		Release|Any CPU = Release|Any CPU
	EndGlobalSection
	GlobalSection(ProjectConfigurationPlatforms) = postSolution
		{338896B2-0190-4CA9-BAF5-87A8A58A579F}.Debug|Any CPU.ActiveCfg = Debug|Any CPU
		{338896B2-0190-4CA9-BAF5-87A8A58A579F}.Debug|Any CPU.Build.0 = Debug|Any CPU
		{338896B2-0190-4CA9-BAF5-87A8A58A579F}.Release|Any CPU.ActiveCfg = Release|Any CPU
		{338896B2-0190-4CA9-BAF5-87A8A58A579F}.Release|Any CPU.Build.0 = Release|Any CPU
	EndGlobalSection
	GlobalSection(SolutionProperties) = preSolution
		HideSolutionNode = FALSE
	EndGlobalSection
	GlobalSection(ExtensibilityGlobals) = postSolution
		SolutionGuid = {17645643-D51C-4335-A37C-E19007008B63}
	EndGlobalSection
EndGlobal
